dependencies:
  espressif/es8311:
    component_hash: 46b3117250344bb03f143d5e2becf81cfb111679fbd7b95cefc2d302d36cc393
    dependencies:
    - name: idf
      require: private
      version: '>=4.4,<6.0'
    source:
      registry_url: https://components.espressif.com/
      type: service
    version: 1.0.0~1
  idf:
    source:
      type: idf
    version: 5.5.4
direct_dependencies:
- espressif/es8311
- idf
manifest_hash: 9bee0a88d5f07a68d935b92f14848786048f4a578f52621708b1c7990a5811a4
target: esp32p4
version: 2.0.0
